// !$*UTF8*$!
{
	archiveVersion = 1;
	classes = {
	};
	objectVersion = 46;
	objects = {

/* Begin PBXBuildFile section */
		6935E89081F2185D3C2FB0B1 /* Pods_SwiftDemoTests.framework in Frameworks */ = {isa = PBXBuildFile; fileRef = C2EE7BBDD03037DD028294E9 /* Pods_SwiftDemoTests.framework */; };
		A0863958FDF1D4C649AE86F8 /* Pods_SwiftDemoApp.framework in Frameworks */ = {isa = PBXBuildFile; fileRef = 0E0CD0D263C4EBF3AC26C126 /* Pods_SwiftDemoApp.framework */; };
		B35CB0B91EFFF9BC00988E74 /* URLSession.swift in Sources */ = {isa = PBXBuildFile; fileRef = B35CB0B81EFFF9BC00988E74 /* URLSession.swift */; };
		B35CB0BB1EFFFA0D00988E74 /* SystemStubs.swift in Sources */ = {isa = PBXBuildFile; fileRef = B35CB0BA1EFFFA0D00988E74 /* SystemStubs.swift */; };
		B35CB0BE1F00127800988E74 /* ArticleListStubs.swift in Sources */ = {isa = PBXBuildFile; fileRef = B35CB0BD1F00127800988E74 /* ArticleListStubs.swift */; };
		B35CB0C01F00248800988E74 /* ArticleListItemView.swift in Sources */ = {isa = PBXBuildFile; fileRef = B35CB0BF1F00248800988E74 /* ArticleListItemView.swift */; };
		B35CB0C21F0030BB00988E74 /* Article.swift in Sources */ = {isa = PBXBuildFile; fileRef = B35CB0C11F0030BB00988E74 /* Article.swift */; };
		B35CB0C41F0033F200988E74 /* ArticleSpec.swift in Sources */ = {isa = PBXBuildFile; fileRef = B35CB0C31F0033F200988E74 /* ArticleSpec.swift */; };
		B393DE1F1EFC703C000FDC53 /* ArticleListPresenterSpec.swift in Sources */ = {isa = PBXBuildFile; fileRef = B393DE1E1EFC703C000FDC53 /* ArticleListPresenterSpec.swift */; };
		B3BEB0971EFD9137004F07AD /* ArticleListViewController.swift in Sources */ = {isa = PBXBuildFile; fileRef = B3BEB0961EFD9137004F07AD /* ArticleListViewController.swift */; };
		B3BEB09B1EFD93C6004F07AD /* ArticleListViewModel.swift in Sources */ = {isa = PBXBuildFile; fileRef = B3BEB09A1EFD93C6004F07AD /* ArticleListViewModel.swift */; };
		B3BEB09E1EFD948C004F07AD /* ArticleListViewControllerSpec.swift in Sources */ = {isa = PBXBuildFile; fileRef = B3BEB09D1EFD948C004F07AD /* ArticleListViewControllerSpec.swift */; };
		B3BEB0A01EFD95AF004F07AD /* XCTestCaseKIF.swift in Sources */ = {isa = PBXBuildFile; fileRef = B3BEB09F1EFD95AF004F07AD /* XCTestCaseKIF.swift */; };
		B3BEB0A21EFD9BC5004F07AD /* CollectionSafety.swift in Sources */ = {isa = PBXBuildFile; fileRef = B3BEB0A11EFD9BC5004F07AD /* CollectionSafety.swift */; };
		B3BEB0A41EFDA014004F07AD /* ArticleListPresenter.swift in Sources */ = {isa = PBXBuildFile; fileRef = B3BEB0A31EFDA014004F07AD /* ArticleListPresenter.swift */; };
		B3BEB0A61EFDA9AA004F07AD /* ArticleListRouter.swift in Sources */ = {isa = PBXBuildFile; fileRef = B3BEB0A51EFDA9AA004F07AD /* ArticleListRouter.swift */; };
		B3BEB0A81EFDA9B9004F07AD /* ArticleListRouterSpec.swift in Sources */ = {isa = PBXBuildFile; fileRef = B3BEB0A71EFDA9B9004F07AD /* ArticleListRouterSpec.swift */; };
		B3BEB0AA1EFDAF8D004F07AD /* ArticleListZalandoInteractor.swift in Sources */ = {isa = PBXBuildFile; fileRef = B3BEB0A91EFDAF8D004F07AD /* ArticleListZalandoInteractor.swift */; };
		B3BEB0AC1EFDAFB8004F07AD /* ArticleListZalandoInteractorSpec.swift in Sources */ = {isa = PBXBuildFile; fileRef = B3BEB0AB1EFDAFB8004F07AD /* ArticleListZalandoInteractorSpec.swift */; };
		B3FCCFA81EFC3E54004C46A2 /* AppDelegate.swift in Sources */ = {isa = PBXBuildFile; fileRef = B3FCCFA71EFC3E54004C46A2 /* AppDelegate.swift */; };
		B3FCCFAD1EFC3E54004C46A2 /* Main.storyboard in Resources */ = {isa = PBXBuildFile; fileRef = B3FCCFAB1EFC3E54004C46A2 /* Main.storyboard */; };
		B3FCCFAF1EFC3E54004C46A2 /* Assets.xcassets in Resources */ = {isa = PBXBuildFile; fileRef = B3FCCFAE1EFC3E54004C46A2 /* Assets.xcassets */; };
		B3FCCFB21EFC3E54004C46A2 /* LaunchScreen.storyboard in Resources */ = {isa = PBXBuildFile; fileRef = B3FCCFB01EFC3E54004C46A2 /* LaunchScreen.storyboard */; };
/* End PBXBuildFile section */

/* Begin PBXContainerItemProxy section */
		B3FCCFC21EFC3E85004C46A2 /* PBXContainerItemProxy */ = {
			isa = PBXContainerItemProxy;
			containerPortal = B3FCCF9C1EFC3E54004C46A2 /* Project object */;
			proxyType = 1;
			remoteGlobalIDString = B3FCCFA31EFC3E54004C46A2;
			remoteInfo = SwiftDemoApp;
		};
/* End PBXContainerItemProxy section */

/* Begin PBXFileReference section */
		0686E2540DE3019D296065A6 /* Pods-SwiftDemoTests.debug.xcconfig */ = {isa = PBXFileReference; includeInIndex = 1; lastKnownFileType = text.xcconfig; name = "Pods-SwiftDemoTests.debug.xcconfig"; path = "Pods/Target Support Files/Pods-SwiftDemoTests/Pods-SwiftDemoTests.debug.xcconfig"; sourceTree = "<group>"; };
		0E0CD0D263C4EBF3AC26C126 /* Pods_SwiftDemoApp.framework */ = {isa = PBXFileReference; explicitFileType = wrapper.framework; includeInIndex = 0; path = Pods_SwiftDemoApp.framework; sourceTree = BUILT_PRODUCTS_DIR; };
		4147F128E7A8FF8C493E0F0D /* Pods-SwiftDemoTests.release.xcconfig */ = {isa = PBXFileReference; includeInIndex = 1; lastKnownFileType = text.xcconfig; name = "Pods-SwiftDemoTests.release.xcconfig"; path = "Pods/Target Support Files/Pods-SwiftDemoTests/Pods-SwiftDemoTests.release.xcconfig"; sourceTree = "<group>"; };
		903CD887AA47853168E82B1F /* Pods-SwiftDemoApp.debug.xcconfig */ = {isa = PBXFileReference; includeInIndex = 1; lastKnownFileType = text.xcconfig; name = "Pods-SwiftDemoApp.debug.xcconfig"; path = "Pods/Target Support Files/Pods-SwiftDemoApp/Pods-SwiftDemoApp.debug.xcconfig"; sourceTree = "<group>"; };
		905B578B99B39E4A4DA688FA /* Pods-SwiftDemoApp.release.xcconfig */ = {isa = PBXFileReference; includeInIndex = 1; lastKnownFileType = text.xcconfig; name = "Pods-SwiftDemoApp.release.xcconfig"; path = "Pods/Target Support Files/Pods-SwiftDemoApp/Pods-SwiftDemoApp.release.xcconfig"; sourceTree = "<group>"; };
		B35CB0B81EFFF9BC00988E74 /* URLSession.swift */ = {isa = PBXFileReference; fileEncoding = 4; lastKnownFileType = sourcecode.swift; path = URLSession.swift; sourceTree = "<group>"; };
		B35CB0BA1EFFFA0D00988E74 /* SystemStubs.swift */ = {isa = PBXFileReference; fileEncoding = 4; lastKnownFileType = sourcecode.swift; path = SystemStubs.swift; sourceTree = "<group>"; };
		B35CB0BD1F00127800988E74 /* ArticleListStubs.swift */ = {isa = PBXFileReference; fileEncoding = 4; lastKnownFileType = sourcecode.swift; path = ArticleListStubs.swift; sourceTree = "<group>"; };
		B35CB0BF1F00248800988E74 /* ArticleListItemView.swift */ = {isa = PBXFileReference; fileEncoding = 4; lastKnownFileType = sourcecode.swift; path = ArticleListItemView.swift; sourceTree = "<group>"; };
		B35CB0C11F0030BB00988E74 /* Article.swift */ = {isa = PBXFileReference; fileEncoding = 4; lastKnownFileType = sourcecode.swift; path = Article.swift; sourceTree = "<group>"; };
		B35CB0C31F0033F200988E74 /* ArticleSpec.swift */ = {isa = PBXFileReference; fileEncoding = 4; lastKnownFileType = sourcecode.swift; path = ArticleSpec.swift; sourceTree = "<group>"; };
		B393DE1E1EFC703C000FDC53 /* ArticleListPresenterSpec.swift */ = {isa = PBXFileReference; fileEncoding = 4; lastKnownFileType = sourcecode.swift; path = ArticleListPresenterSpec.swift; sourceTree = "<group>"; };
		B3BEB0961EFD9137004F07AD /* ArticleListViewController.swift */ = {isa = PBXFileReference; fileEncoding = 4; lastKnownFileType = sourcecode.swift; path = ArticleListViewController.swift; sourceTree = "<group>"; };
		B3BEB09A1EFD93C6004F07AD /* ArticleListViewModel.swift */ = {isa = PBXFileReference; fileEncoding = 4; lastKnownFileType = sourcecode.swift; path = ArticleListViewModel.swift; sourceTree = "<group>"; };
		B3BEB09D1EFD948C004F07AD /* ArticleListViewControllerSpec.swift */ = {isa = PBXFileReference; fileEncoding = 4; lastKnownFileType = sourcecode.swift; path = ArticleListViewControllerSpec.swift; sourceTree = "<group>"; };
		B3BEB09F1EFD95AF004F07AD /* XCTestCaseKIF.swift */ = {isa = PBXFileReference; fileEncoding = 4; lastKnownFileType = sourcecode.swift; path = XCTestCaseKIF.swift; sourceTree = "<group>"; };
		B3BEB0A11EFD9BC5004F07AD /* CollectionSafety.swift */ = {isa = PBXFileReference; fileEncoding = 4; lastKnownFileType = sourcecode.swift; path = CollectionSafety.swift; sourceTree = "<group>"; };
		B3BEB0A31EFDA014004F07AD /* ArticleListPresenter.swift */ = {isa = PBXFileReference; fileEncoding = 4; lastKnownFileType = sourcecode.swift; path = ArticleListPresenter.swift; sourceTree = "<group>"; };
		B3BEB0A51EFDA9AA004F07AD /* ArticleListRouter.swift */ = {isa = PBXFileReference; fileEncoding = 4; lastKnownFileType = sourcecode.swift; path = ArticleListRouter.swift; sourceTree = "<group>"; };
		B3BEB0A71EFDA9B9004F07AD /* ArticleListRouterSpec.swift */ = {isa = PBXFileReference; fileEncoding = 4; lastKnownFileType = sourcecode.swift; path = ArticleListRouterSpec.swift; sourceTree = "<group>"; };
		B3BEB0A91EFDAF8D004F07AD /* ArticleListZalandoInteractor.swift */ = {isa = PBXFileReference; fileEncoding = 4; lastKnownFileType = sourcecode.swift; path = ArticleListZalandoInteractor.swift; sourceTree = "<group>"; };
		B3BEB0AB1EFDAFB8004F07AD /* ArticleListZalandoInteractorSpec.swift */ = {isa = PBXFileReference; fileEncoding = 4; lastKnownFileType = sourcecode.swift; path = ArticleListZalandoInteractorSpec.swift; sourceTree = "<group>"; };
		B3FCCFA41EFC3E54004C46A2 /* SwiftDemoApp.app */ = {isa = PBXFileReference; explicitFileType = wrapper.application; includeInIndex = 0; path = SwiftDemoApp.app; sourceTree = BUILT_PRODUCTS_DIR; };
		B3FCCFA71EFC3E54004C46A2 /* AppDelegate.swift */ = {isa = PBXFileReference; lastKnownFileType = sourcecode.swift; path = AppDelegate.swift; sourceTree = "<group>"; };
		B3FCCFAC1EFC3E54004C46A2 /* Base */ = {isa = PBXFileReference; lastKnownFileType = file.storyboard; name = Base; path = Base.lproj/Main.storyboard; sourceTree = "<group>"; };
		B3FCCFAE1EFC3E54004C46A2 /* Assets.xcassets */ = {isa = PBXFileReference; lastKnownFileType = folder.assetcatalog; path = Assets.xcassets; sourceTree = "<group>"; };
		B3FCCFB11EFC3E54004C46A2 /* Base */ = {isa = PBXFileReference; lastKnownFileType = file.storyboard; name = Base; path = Base.lproj/LaunchScreen.storyboard; sourceTree = "<group>"; };
		B3FCCFB31EFC3E54004C46A2 /* Info.plist */ = {isa = PBXFileReference; lastKnownFileType = text.plist.xml; path = Info.plist; sourceTree = "<group>"; };
		B3FCCFBD1EFC3E85004C46A2 /* SwiftDemoTests.xctest */ = {isa = PBXFileReference; explicitFileType = wrapper.cfbundle; includeInIndex = 0; path = SwiftDemoTests.xctest; sourceTree = BUILT_PRODUCTS_DIR; };
		B3FCCFC11EFC3E85004C46A2 /* Info.plist */ = {isa = PBXFileReference; lastKnownFileType = text.plist.xml; path = Info.plist; sourceTree = "<group>"; };
		C2EE7BBDD03037DD028294E9 /* Pods_SwiftDemoTests.framework */ = {isa = PBXFileReference; explicitFileType = wrapper.framework; includeInIndex = 0; path = Pods_SwiftDemoTests.framework; sourceTree = BUILT_PRODUCTS_DIR; };
/* End PBXFileReference section */

/* Begin PBXFrameworksBuildPhase section */
		B3FCCFA11EFC3E54004C46A2 /* Frameworks */ = {
			isa = PBXFrameworksBuildPhase;
			buildActionMask = 2147483647;
			files = (
				A0863958FDF1D4C649AE86F8 /* Pods_SwiftDemoApp.framework in Frameworks */,
			);
			runOnlyForDeploymentPostprocessing = 0;
		};
		B3FCCFBA1EFC3E85004C46A2 /* Frameworks */ = {
			isa = PBXFrameworksBuildPhase;
			buildActionMask = 2147483647;
			files = (
				6935E89081F2185D3C2FB0B1 /* Pods_SwiftDemoTests.framework in Frameworks */,
			);
			runOnlyForDeploymentPostprocessing = 0;
		};
/* End PBXFrameworksBuildPhase section */

/* Begin PBXGroup section */
		423203E38FCCCC937F41C26B /* Frameworks */ = {
			isa = PBXGroup;
			children = (
				0E0CD0D263C4EBF3AC26C126 /* Pods_SwiftDemoApp.framework */,
				C2EE7BBDD03037DD028294E9 /* Pods_SwiftDemoTests.framework */,
			);
			name = Frameworks;
			sourceTree = "<group>";
		};
		B35CB0B71EFFF98A00988E74 /* System */ = {
			isa = PBXGroup;
			children = (
				B3BEB0A11EFD9BC5004F07AD /* CollectionSafety.swift */,
				B35CB0B81EFFF9BC00988E74 /* URLSession.swift */,
			);
			path = System;
			sourceTree = "<group>";
		};
		B3BA76C01F0040D1009ACE0F /* View */ = {
			isa = PBXGroup;
			children = (
				B35CB0BF1F00248800988E74 /* ArticleListItemView.swift */,
				B3BEB0961EFD9137004F07AD /* ArticleListViewController.swift */,
				B3BEB09A1EFD93C6004F07AD /* ArticleListViewModel.swift */,
			);
			name = View;
			path = View;
			sourceTree = "<group>";
		};
		B3BA76C11F0040F6009ACE0F /* Entity */ = {
			isa = PBXGroup;
			children = (
				B35CB0C11F0030BB00988E74 /* Article.swift */,
			);
			name = Entity;
			path = Entity;
			sourceTree = "<group>";
		};
		B3BA76C21F0040FE009ACE0F /* Interactor */ = {
			isa = PBXGroup;
			children = (
				B3BEB0A91EFDAF8D004F07AD /* ArticleListZalandoInteractor.swift */,
			);
			name = Interactor;
			path = Interactor;
			sourceTree = "<group>";
		};
		B3BA76C41F004110009ACE0F /* Presenter */ = {
			isa = PBXGroup;
			children = (
				B3BEB0A31EFDA014004F07AD /* ArticleListPresenter.swift */,
			);
			name = Presenter;
			path = Presenter;
			sourceTree = "<group>";
		};
		B3BA76C51F00411A009ACE0F /* Presenter */ = {
			isa = PBXGroup;
			children = (
				B393DE1E1EFC703C000FDC53 /* ArticleListPresenterSpec.swift */,
			);
			name = Presenter;
			path = Presenter;
			sourceTree = "<group>";
		};
		B3BA76C61F00411F009ACE0F /* Interactor */ = {
			isa = PBXGroup;
			children = (
				B3BEB0AB1EFDAFB8004F07AD /* ArticleListZalandoInteractorSpec.swift */,
			);
			name = Interactor;
			path = Interactor;
			sourceTree = "<group>";
		};
		B3BA76C71F004125009ACE0F /* Entity */ = {
			isa = PBXGroup;
			children = (
				B35CB0C31F0033F200988E74 /* ArticleSpec.swift */,
			);
			name = Entity;
			path = Entity;
			sourceTree = "<group>";
		};
		B3BA76C81F00412F009ACE0F /* View */ = {
			isa = PBXGroup;
			children = (
				B3BEB09D1EFD948C004F07AD /* ArticleListViewControllerSpec.swift */,
			);
			name = View;
			path = View;
			sourceTree = "<group>";
		};
		B3BEB0951EFD9120004F07AD /* ArticleList */ = {
			isa = PBXGroup;
			children = (
				B3BA76C11F0040F6009ACE0F /* Entity */,
				B3BA76C21F0040FE009ACE0F /* Interactor */,
				B3BA76C41F004110009ACE0F /* Presenter */,
				B3BA76C01F0040D1009ACE0F /* View */,
				B3BEB0A51EFDA9AA004F07AD /* ArticleListRouter.swift */,
			);
			path = ArticleList;
			sourceTree = "<group>";
		};
		B3BEB09C1EFD946A004F07AD /* ArticleList */ = {
			isa = PBXGroup;
			children = (
				B3BA76C71F004125009ACE0F /* Entity */,
				B3BA76C61F00411F009ACE0F /* Interactor */,
				B3BA76C51F00411A009ACE0F /* Presenter */,
				B3BA76C81F00412F009ACE0F /* View */,
				B3BEB0A71EFDA9B9004F07AD /* ArticleListRouterSpec.swift */,
				B35CB0BD1F00127800988E74 /* ArticleListStubs.swift */,
			);
			path = ArticleList;
			sourceTree = "<group>";
		};
		B3FCCF9B1EFC3E54004C46A2 = {
			isa = PBXGroup;
			children = (
				423203E38FCCCC937F41C26B /* Frameworks */,
				D780A0BDC4D59CDDDDBC1E73 /* Pods */,
				B3FCCFA51EFC3E54004C46A2 /* Products */,
				B3FCCFA61EFC3E54004C46A2 /* SwiftDemoApp */,
				B3FCCFBE1EFC3E85004C46A2 /* SwiftDemoTests */,
			);
			sourceTree = "<group>";
		};
		B3FCCFA51EFC3E54004C46A2 /* Products */ = {
			isa = PBXGroup;
			children = (
				B3FCCFA41EFC3E54004C46A2 /* SwiftDemoApp.app */,
				B3FCCFBD1EFC3E85004C46A2 /* SwiftDemoTests.xctest */,
			);
			name = Products;
			sourceTree = "<group>";
		};
		B3FCCFA61EFC3E54004C46A2 /* SwiftDemoApp */ = {
			isa = PBXGroup;
			children = (
				B3BEB0951EFD9120004F07AD /* ArticleList */,
				B35CB0B71EFFF98A00988E74 /* System */,
				B3FCCFA71EFC3E54004C46A2 /* AppDelegate.swift */,
				B3FCCFAE1EFC3E54004C46A2 /* Assets.xcassets */,
				B3FCCFB31EFC3E54004C46A2 /* Info.plist */,
				B3FCCFB01EFC3E54004C46A2 /* LaunchScreen.storyboard */,
				B3FCCFAB1EFC3E54004C46A2 /* Main.storyboard */,
			);
			path = SwiftDemoApp;
			sourceTree = "<group>";
		};
		B3FCCFBE1EFC3E85004C46A2 /* SwiftDemoTests */ = {
			isa = PBXGroup;
			children = (
				B3BEB09C1EFD946A004F07AD /* ArticleList */,
				B3FCCFC11EFC3E85004C46A2 /* Info.plist */,
				B35CB0BA1EFFFA0D00988E74 /* SystemStubs.swift */,
				B3BEB09F1EFD95AF004F07AD /* XCTestCaseKIF.swift */,
			);
			path = SwiftDemoTests;
			sourceTree = "<group>";
		};
		D780A0BDC4D59CDDDDBC1E73 /* Pods */ = {
			isa = PBXGroup;
			children = (
				903CD887AA47853168E82B1F /* Pods-SwiftDemoApp.debug.xcconfig */,
				905B578B99B39E4A4DA688FA /* Pods-SwiftDemoApp.release.xcconfig */,
				0686E2540DE3019D296065A6 /* Pods-SwiftDemoTests.debug.xcconfig */,
				4147F128E7A8FF8C493E0F0D /* Pods-SwiftDemoTests.release.xcconfig */,
			);
			name = Pods;
			sourceTree = "<group>";
		};
/* End PBXGroup section */

/* Begin PBXNativeTarget section */
		B3FCCFA31EFC3E54004C46A2 /* SwiftDemoApp */ = {
			isa = PBXNativeTarget;
			buildConfigurationList = B3FCCFB61EFC3E54004C46A2 /* Build configuration list for PBXNativeTarget "SwiftDemoApp" */;
			buildPhases = (
				FE6CF8EFA30DC25423034B32 /* [CP] Check Pods Manifest.lock */,
				B3FCCFA01EFC3E54004C46A2 /* Sources */,
				B3FCCFA11EFC3E54004C46A2 /* Frameworks */,
				B3FCCFA21EFC3E54004C46A2 /* Resources */,
				3B16FE3D917099ECB423D106 /* [CP] Embed Pods Frameworks */,
				3C1D4B956C3B053788F7C908 /* [CP] Copy Pods Resources */,
				B393DE1A1EFC6575000FDC53 /* SwiftLint */,
			);
			buildRules = (
			);
			dependencies = (
			);
			name = SwiftDemoApp;
			productName = SwiftDemoApp;
			productReference = B3FCCFA41EFC3E54004C46A2 /* SwiftDemoApp.app */;
			productType = "com.apple.product-type.application";
		};
		B3FCCFBC1EFC3E85004C46A2 /* SwiftDemoTests */ = {
			isa = PBXNativeTarget;
			buildConfigurationList = B3FCCFC41EFC3E85004C46A2 /* Build configuration list for PBXNativeTarget "SwiftDemoTests" */;
			buildPhases = (
				A798FD1A7A2BABCBACACB5ED /* [CP] Check Pods Manifest.lock */,
				B3FCCFB91EFC3E85004C46A2 /* Sources */,
				B3FCCFBA1EFC3E85004C46A2 /* Frameworks */,
				B3FCCFBB1EFC3E85004C46A2 /* Resources */,
				CA3285590BAF1D2BAE110D1B /* [CP] Embed Pods Frameworks */,
				4087A49CBFE89421D2A76C25 /* [CP] Copy Pods Resources */,
			);
			buildRules = (
			);
			dependencies = (
				B3FCCFC31EFC3E85004C46A2 /* PBXTargetDependency */,
			);
			name = SwiftDemoTests;
			productName = SwiftDemoTests;
			productReference = B3FCCFBD1EFC3E85004C46A2 /* SwiftDemoTests.xctest */;
			productType = "com.apple.product-type.bundle.unit-test";
		};
/* End PBXNativeTarget section */

/* Begin PBXProject section */
		B3FCCF9C1EFC3E54004C46A2 /* Project object */ = {
			isa = PBXProject;
			attributes = {
				LastSwiftUpdateCheck = 0830;
				LastUpgradeCheck = 0830;
				ORGANIZATIONNAME = "Derk Gommers";
				TargetAttributes = {
					B3FCCFA31EFC3E54004C46A2 = {
						CreatedOnToolsVersion = 8.3.2;
						ProvisioningStyle = Automatic;
					};
					B3FCCFBC1EFC3E85004C46A2 = {
						CreatedOnToolsVersion = 8.3.2;
						LastSwiftMigration = 0830;
						ProvisioningStyle = Automatic;
						TestTargetID = B3FCCFA31EFC3E54004C46A2;
					};
				};
			};
			buildConfigurationList = B3FCCF9F1EFC3E54004C46A2 /* Build configuration list for PBXProject "SwiftDemo" */;
			compatibilityVersion = "Xcode 3.2";
			developmentRegion = English;
			hasScannedForEncodings = 0;
			knownRegions = (
				en,
				Base,
			);
			mainGroup = B3FCCF9B1EFC3E54004C46A2;
			productRefGroup = B3FCCFA51EFC3E54004C46A2 /* Products */;
			projectDirPath = "";
			projectRoot = "";
			targets = (
				B3FCCFA31EFC3E54004C46A2 /* SwiftDemoApp */,
				B3FCCFBC1EFC3E85004C46A2 /* SwiftDemoTests */,
			);
		};
/* End PBXProject section */

/* Begin PBXResourcesBuildPhase section */
		B3FCCFA21EFC3E54004C46A2 /* Resources */ = {
			isa = PBXResourcesBuildPhase;
			buildActionMask = 2147483647;
			files = (
				B3FCCFB21EFC3E54004C46A2 /* LaunchScreen.storyboard in Resources */,
				B3FCCFAF1EFC3E54004C46A2 /* Assets.xcassets in Resources */,
				B3FCCFAD1EFC3E54004C46A2 /* Main.storyboard in Resources */,
			);
			runOnlyForDeploymentPostprocessing = 0;
		};
		B3FCCFBB1EFC3E85004C46A2 /* Resources */ = {
			isa = PBXResourcesBuildPhase;
			buildActionMask = 2147483647;
			files = (
			);
			runOnlyForDeploymentPostprocessing = 0;
		};
/* End PBXResourcesBuildPhase section */

/* Begin PBXShellScriptBuildPhase section */
		3B16FE3D917099ECB423D106 /* [CP] Embed Pods Frameworks */ = {
			isa = PBXShellScriptBuildPhase;
			buildActionMask = 2147483647;
			files = (
			);
			inputPaths = (
			);
			name = "[CP] Embed Pods Frameworks";
			outputPaths = (
			);
			runOnlyForDeploymentPostprocessing = 0;
			shellPath = /bin/sh;
			shellScript = "\"${SRCROOT}/Pods/Target Support Files/Pods-SwiftDemoApp/Pods-SwiftDemoApp-frameworks.sh\"\n";
			showEnvVarsInLog = 0;
		};
		3C1D4B956C3B053788F7C908 /* [CP] Copy Pods Resources */ = {
			isa = PBXShellScriptBuildPhase;
			buildActionMask = 2147483647;
			files = (
			);
			inputPaths = (
			);
			name = "[CP] Copy Pods Resources";
			outputPaths = (
			);
			runOnlyForDeploymentPostprocessing = 0;
			shellPath = /bin/sh;
			shellScript = "\"${SRCROOT}/Pods/Target Support Files/Pods-SwiftDemoApp/Pods-SwiftDemoApp-resources.sh\"\n";
			showEnvVarsInLog = 0;
		};
		4087A49CBFE89421D2A76C25 /* [CP] Copy Pods Resources */ = {
			isa = PBXShellScriptBuildPhase;
			buildActionMask = 2147483647;
			files = (
			);
			inputPaths = (
			);
			name = "[CP] Copy Pods Resources";
			outputPaths = (
			);
			runOnlyForDeploymentPostprocessing = 0;
			shellPath = /bin/sh;
			shellScript = "\"${SRCROOT}/Pods/Target Support Files/Pods-SwiftDemoTests/Pods-SwiftDemoTests-resources.sh\"\n";
			showEnvVarsInLog = 0;
		};
		A798FD1A7A2BABCBACACB5ED /* [CP] Check Pods Manifest.lock */ = {
			isa = PBXShellScriptBuildPhase;
			buildActionMask = 2147483647;
			files = (
			);
			inputPaths = (
			);
			name = "[CP] Check Pods Manifest.lock";
			outputPaths = (
			);
			runOnlyForDeploymentPostprocessing = 0;
			shellPath = /bin/sh;
			shellScript = "diff \"${PODS_PODFILE_DIR_PATH}/Podfile.lock\" \"${PODS_ROOT}/Manifest.lock\" > /dev/null\nif [ $? != 0 ] ; then\n    # print error to STDERR\n    echo \"error: The sandbox is not in sync with the Podfile.lock. Run 'pod install' or update your CocoaPods installation.\" >&2\n    exit 1\nfi\n";
			showEnvVarsInLog = 0;
		};
		B393DE1A1EFC6575000FDC53 /* SwiftLint */ = {
			isa = PBXShellScriptBuildPhase;
			buildActionMask = 2147483647;
			files = (
			);
			inputPaths = (
			);
			name = SwiftLint;
			outputPaths = (
			);
			runOnlyForDeploymentPostprocessing = 0;
			shellPath = /bin/sh;
			shellScript = "if which swiftlint >/dev/null; then\nswiftlint\nelse\necho \"warning: SwiftLint not installed, download from https://github.com/realm/SwiftLint\"\nfi";
		};
		CA3285590BAF1D2BAE110D1B /* [CP] Embed Pods Frameworks */ = {
			isa = PBXShellScriptBuildPhase;
			buildActionMask = 2147483647;
			files = (
			);
			inputPaths = (
			);
			name = "[CP] Embed Pods Frameworks";
			outputPaths = (
			);
			runOnlyForDeploymentPostprocessing = 0;
			shellPath = /bin/sh;
			shellScript = "\"${SRCROOT}/Pods/Target Support Files/Pods-SwiftDemoTests/Pods-SwiftDemoTests-frameworks.sh\"\n";
			showEnvVarsInLog = 0;
		};
		FE6CF8EFA30DC25423034B32 /* [CP] Check Pods Manifest.lock */ = {
			isa = PBXShellScriptBuildPhase;
			buildActionMask = 2147483647;
			files = (
			);
			inputPaths = (
			);
			name = "[CP] Check Pods Manifest.lock";
			outputPaths = (
			);
			runOnlyForDeploymentPostprocessing = 0;
			shellPath = /bin/sh;
			shellScript = "diff \"${PODS_PODFILE_DIR_PATH}/Podfile.lock\" \"${PODS_ROOT}/Manifest.lock\" > /dev/null\nif [ $? != 0 ] ; then\n    # print error to STDERR\n    echo \"error: The sandbox is not in sync with the Podfile.lock. Run 'pod install' or update your CocoaPods installation.\" >&2\n    exit 1\nfi\n";
			showEnvVarsInLog = 0;
		};
/* End PBXShellScriptBuildPhase section */

/* Begin PBXSourcesBuildPhase section */
		B3FCCFA01EFC3E54004C46A2 /* Sources */ = {
			isa = PBXSourcesBuildPhase;
			buildActionMask = 2147483647;
			files = (
				B3BEB0971EFD9137004F07AD /* ArticleListViewController.swift in Sources */,
				B3BEB0A21EFD9BC5004F07AD /* CollectionSafety.swift in Sources */,
				B35CB0B91EFFF9BC00988E74 /* URLSession.swift in Sources */,
				B3BEB09B1EFD93C6004F07AD /* ArticleListViewModel.swift in Sources */,
				B35CB0C21F0030BB00988E74 /* Article.swift in Sources */,
				B3BEB0A61EFDA9AA004F07AD /* ArticleListRouter.swift in Sources */,
				B35CB0C01F00248800988E74 /* ArticleListItemView.swift in Sources */,
				B3BEB0A41EFDA014004F07AD /* ArticleListPresenter.swift in Sources */,
				B3BEB0AA1EFDAF8D004F07AD /* ArticleListZalandoInteractor.swift in Sources */,
				B3FCCFA81EFC3E54004C46A2 /* AppDelegate.swift in Sources */,
			);
			runOnlyForDeploymentPostprocessing = 0;
		};
		B3FCCFB91EFC3E85004C46A2 /* Sources */ = {
			isa = PBXSourcesBuildPhase;
			buildActionMask = 2147483647;
			files = (
				B3BEB0AC1EFDAFB8004F07AD /* ArticleListZalandoInteractorSpec.swift in Sources */,
				B3BEB09E1EFD948C004F07AD /* ArticleListViewControllerSpec.swift in Sources */,
				B393DE1F1EFC703C000FDC53 /* ArticleListPresenterSpec.swift in Sources */,
				B35CB0C41F0033F200988E74 /* ArticleSpec.swift in Sources */,
				B3BEB0A01EFD95AF004F07AD /* XCTestCaseKIF.swift in Sources */,
				B35CB0BE1F00127800988E74 /* ArticleListStubs.swift in Sources */,
				B35CB0BB1EFFFA0D00988E74 /* SystemStubs.swift in Sources */,
				B3BEB0A81EFDA9B9004F07AD /* ArticleListRouterSpec.swift in Sources */,
			);
			runOnlyForDeploymentPostprocessing = 0;
		};
/* End PBXSourcesBuildPhase section */

/* Begin PBXTargetDependency section */
		B3FCCFC31EFC3E85004C46A2 /* PBXTargetDependency */ = {
			isa = PBXTargetDependency;
			target = B3FCCFA31EFC3E54004C46A2 /* SwiftDemoApp */;
			targetProxy = B3FCCFC21EFC3E85004C46A2 /* PBXContainerItemProxy */;
		};
/* End PBXTargetDependency section */

/* Begin PBXVariantGroup section */
		B3FCCFAB1EFC3E54004C46A2 /* Main.storyboard */ = {
			isa = PBXVariantGroup;
			children = (
				B3FCCFAC1EFC3E54004C46A2 /* Base */,
			);
			name = Main.storyboard;
			path = .;
			sourceTree = "<group>";
		};
		B3FCCFB01EFC3E54004C46A2 /* LaunchScreen.storyboard */ = {
			isa = PBXVariantGroup;
			children = (
				B3FCCFB11EFC3E54004C46A2 /* Base */,
			);
			name = LaunchScreen.storyboard;
			path = .;
			sourceTree = "<group>";
		};
/* End PBXVariantGroup section */

/* Begin XCBuildConfiguration section */
		B3FCCFB41EFC3E54004C46A2 /* Debug */ = {
			isa = XCBuildConfiguration;
			buildSettings = {
				ALWAYS_SEARCH_USER_PATHS = NO;
				CLANG_ANALYZER_NONNULL = YES;
				CLANG_ANALYZER_NUMBER_OBJECT_CONVERSION = YES_AGGRESSIVE;
				CLANG_CXX_LANGUAGE_STANDARD = "gnu++0x";
				CLANG_CXX_LIBRARY = "libc++";
				CLANG_ENABLE_MODULES = YES;
				CLANG_ENABLE_OBJC_ARC = YES;
				CLANG_WARN_BOOL_CONVERSION = YES;
				CLANG_WARN_CONSTANT_CONVERSION = YES;
				CLANG_WARN_DIRECT_OBJC_ISA_USAGE = YES_ERROR;
				CLANG_WARN_DOCUMENTATION_COMMENTS = YES;
				CLANG_WARN_EMPTY_BODY = YES;
				CLANG_WARN_ENUM_CONVERSION = YES;
				CLANG_WARN_INFINITE_RECURSION = YES;
				CLANG_WARN_INT_CONVERSION = YES;
				CLANG_WARN_OBJC_ROOT_CLASS = YES_ERROR;
				CLANG_WARN_SUSPICIOUS_MOVE = YES;
				CLANG_WARN_UNREACHABLE_CODE = YES;
				CLANG_WARN__DUPLICATE_METHOD_MATCH = YES;
				"CODE_SIGN_IDENTITY[sdk=iphoneos*]" = "iPhone Developer";
				COPY_PHASE_STRIP = NO;
				DEBUG_INFORMATION_FORMAT = dwarf;
				ENABLE_STRICT_OBJC_MSGSEND = YES;
				ENABLE_TESTABILITY = YES;
				GCC_C_LANGUAGE_STANDARD = gnu99;
				GCC_DYNAMIC_NO_PIC = NO;
				GCC_NO_COMMON_BLOCKS = YES;
				GCC_OPTIMIZATION_LEVEL = 0;
				GCC_PREPROCESSOR_DEFINITIONS = (
					"DEBUG=1",
					"$(inherited)",
				);
				GCC_WARN_64_TO_32_BIT_CONVERSION = YES;
				GCC_WARN_ABOUT_RETURN_TYPE = YES_ERROR;
				GCC_WARN_UNDECLARED_SELECTOR = YES;
				GCC_WARN_UNINITIALIZED_AUTOS = YES_AGGRESSIVE;
				GCC_WARN_UNUSED_FUNCTION = YES;
				GCC_WARN_UNUSED_VARIABLE = YES;
				IPHONEOS_DEPLOYMENT_TARGET = 9.0;
				MTL_ENABLE_DEBUG_INFO = YES;
				ONLY_ACTIVE_ARCH = YES;
				SDKROOT = iphoneos;
				SWIFT_ACTIVE_COMPILATION_CONDITIONS = DEBUG;
				SWIFT_OPTIMIZATION_LEVEL = "-Onone";
			};
			name = Debug;
		};
		B3FCCFB51EFC3E54004C46A2 /* Release */ = {
			isa = XCBuildConfiguration;
			buildSettings = {
				ALWAYS_SEARCH_USER_PATHS = NO;
				CLANG_ANALYZER_NONNULL = YES;
				CLANG_ANALYZER_NUMBER_OBJECT_CONVERSION = YES_AGGRESSIVE;
				CLANG_CXX_LANGUAGE_STANDARD = "gnu++0x";
				CLANG_CXX_LIBRARY = "libc++";
				CLANG_ENABLE_MODULES = YES;
				CLANG_ENABLE_OBJC_ARC = YES;
				CLANG_WARN_BOOL_CONVERSION = YES;
				CLANG_WARN_CONSTANT_CONVERSION = YES;
				CLANG_WARN_DIRECT_OBJC_ISA_USAGE = YES_ERROR;
				CLANG_WARN_DOCUMENTATION_COMMENTS = YES;
				CLANG_WARN_EMPTY_BODY = YES;
				CLANG_WARN_ENUM_CONVERSION = YES;
				CLANG_WARN_INFINITE_RECURSION = YES;
				CLANG_WARN_INT_CONVERSION = YES;
				CLANG_WARN_OBJC_ROOT_CLASS = YES_ERROR;
				CLANG_WARN_SUSPICIOUS_MOVE = YES;
				CLANG_WARN_UNREACHABLE_CODE = YES;
				CLANG_WARN__DUPLICATE_METHOD_MATCH = YES;
				"CODE_SIGN_IDENTITY[sdk=iphoneos*]" = "iPhone Developer";
				COPY_PHASE_STRIP = NO;
				DEBUG_INFORMATION_FORMAT = "dwarf-with-dsym";
				ENABLE_NS_ASSERTIONS = NO;
				ENABLE_STRICT_OBJC_MSGSEND = YES;
				GCC_C_LANGUAGE_STANDARD = gnu99;
				GCC_NO_COMMON_BLOCKS = YES;
				GCC_WARN_64_TO_32_BIT_CONVERSION = YES;
				GCC_WARN_ABOUT_RETURN_TYPE = YES_ERROR;
				GCC_WARN_UNDECLARED_SELECTOR = YES;
				GCC_WARN_UNINITIALIZED_AUTOS = YES_AGGRESSIVE;
				GCC_WARN_UNUSED_FUNCTION = YES;
				GCC_WARN_UNUSED_VARIABLE = YES;
				IPHONEOS_DEPLOYMENT_TARGET = 9.0;
				MTL_ENABLE_DEBUG_INFO = NO;
				SDKROOT = iphoneos;
				SWIFT_OPTIMIZATION_LEVEL = "-Owholemodule";
				VALIDATE_PRODUCT = YES;
			};
			name = Release;
		};
		B3FCCFB71EFC3E54004C46A2 /* Debug */ = {
			isa = XCBuildConfiguration;
			baseConfigurationReference = 903CD887AA47853168E82B1F /* Pods-SwiftDemoApp.debug.xcconfig */;
			buildSettings = {
				ASSETCATALOG_COMPILER_APPICON_NAME = AppIcon;
				INFOPLIST_FILE = SwiftDemoApp/Info.plist;
				LD_RUNPATH_SEARCH_PATHS = "$(inherited) @executable_path/Frameworks";
				PRODUCT_BUNDLE_IDENTIFIER = com.dg.SwiftDemo;
				PRODUCT_NAME = "$(TARGET_NAME)";
				SWIFT_VERSION = 3.0;
			};
			name = Debug;
		};
		B3FCCFB81EFC3E54004C46A2 /* Release */ = {
			isa = XCBuildConfiguration;
			baseConfigurationReference = 905B578B99B39E4A4DA688FA /* Pods-SwiftDemoApp.release.xcconfig */;
			buildSettings = {
				ASSETCATALOG_COMPILER_APPICON_NAME = AppIcon;
				INFOPLIST_FILE = SwiftDemoApp/Info.plist;
				LD_RUNPATH_SEARCH_PATHS = "$(inherited) @executable_path/Frameworks";
				PRODUCT_BUNDLE_IDENTIFIER = com.dg.SwiftDemo;
				PRODUCT_NAME = "$(TARGET_NAME)";
				SWIFT_VERSION = 3.0;
			};
			name = Release;
		};
		B3FCCFC51EFC3E85004C46A2 /* Debug */ = {
			isa = XCBuildConfiguration;
			baseConfigurationReference = 0686E2540DE3019D296065A6 /* Pods-SwiftDemoTests.debug.xcconfig */;
			buildSettings = {
				BUNDLE_LOADER = "$(TEST_HOST)";
				CLANG_ENABLE_MODULES = YES;
				INFOPLIST_FILE = SwiftDemoTests/Info.plist;
				LD_RUNPATH_SEARCH_PATHS = "$(inherited) @executable_path/Frameworks @loader_path/Frameworks";
				PRODUCT_BUNDLE_IDENTIFIER = com.dg.SwiftDemoTests;
				PRODUCT_NAME = "$(TARGET_NAME)";
				SWIFT_OPTIMIZATION_LEVEL = "-Onone";
				SWIFT_VERSION = 3.0;
				TEST_HOST = "$(BUILT_PRODUCTS_DIR)/SwiftDemoApp.app/SwiftDemoApp";
			};
			name = Debug;
		};
		B3FCCFC61EFC3E85004C46A2 /* Release */ = {
			isa = XCBuildConfiguration;
			baseConfigurationReference = 4147F128E7A8FF8C493E0F0D /* Pods-SwiftDemoTests.release.xcconfig */;
			buildSettings = {
				BUNDLE_LOADER = "$(TEST_HOST)";
				CLANG_ENABLE_MODULES = YES;
				INFOPLIST_FILE = SwiftDemoTests/Info.plist;
				LD_RUNPATH_SEARCH_PATHS = "$(inherited) @executable_path/Frameworks @loader_path/Frameworks";
				PRODUCT_BUNDLE_IDENTIFIER = com.dg.SwiftDemoTests;
				PRODUCT_NAME = "$(TARGET_NAME)";
				SWIFT_VERSION = 3.0;
				TEST_HOST = "$(BUILT_PRODUCTS_DIR)/SwiftDemoApp.app/SwiftDemoApp";
			};
			name = Release;
		};
/* End XCBuildConfiguration section */

/* Begin XCConfigurationList section */
		B3FCCF9F1EFC3E54004C46A2 /* Build configuration list for PBXProject "SwiftDemo" */ = {
			isa = XCConfigurationList;
			buildConfigurations = (
				B3FCCFB41EFC3E54004C46A2 /* Debug */,
				B3FCCFB51EFC3E54004C46A2 /* Release */,
			);
			defaultConfigurationIsVisible = 0;
			defaultConfigurationName = Release;
		};
		B3FCCFB61EFC3E54004C46A2 /* Build configuration list for PBXNativeTarget "SwiftDemoApp" */ = {
			isa = XCConfigurationList;
			buildConfigurations = (
				B3FCCFB71EFC3E54004C46A2 /* Debug */,
				B3FCCFB81EFC3E54004C46A2 /* Release */,
			);
			defaultConfigurationIsVisible = 0;
			defaultConfigurationName = Release;
		};
		B3FCCFC41EFC3E85004C46A2 /* Build configuration list for PBXNativeTarget "SwiftDemoTests" */ = {
			isa = XCConfigurationList;
			buildConfigurations = (
				B3FCCFC51EFC3E85004C46A2 /* Debug */,
				B3FCCFC61EFC3E85004C46A2 /* Release */,
			);
			defaultConfigurationIsVisible = 0;
			defaultConfigurationName = Release;
		};
/* End XCConfigurationList section */
	};
	rootObject = B3FCCF9C1EFC3E54004C46A2 /* Project object */;
}
